// !$*UTF8*$!
{
	archiveVersion = 1;
	classes = {
	};
	objectVersion = 46;
	objects = {

/* Begin PBXBuildFile section */
		631811891AEB858D0062DAFE /* AppDelegate.swift in Sources */ = {isa = PBXBuildFile; fileRef = 631811881AEB858D0062DAFE /* AppDelegate.swift */; };
		6318118B1AEB858D0062DAFE /* ViewController.swift in Sources */ = {isa = PBXBuildFile; fileRef = 6318118A1AEB858D0062DAFE /* ViewController.swift */; };
		6318118E1AEB858D0062DAFE /* Main.storyboard in Resources */ = {isa = PBXBuildFile; fileRef = 6318118C1AEB858D0062DAFE /* Main.storyboard */; };
		631811901AEB858D0062DAFE /* Images.xcassets in Resources */ = {isa = PBXBuildFile; fileRef = 6318118F1AEB858D0062DAFE /* Images.xcassets */; };
		631811931AEB858D0062DAFE /* LaunchScreen.xib in Resources */ = {isa = PBXBuildFile; fileRef = 631811911AEB858D0062DAFE /* LaunchScreen.xib */; };
		6318119F1AEB858D0062DAFE /* SlideMenuTests.swift in Sources */ = {isa = PBXBuildFile; fileRef = 6318119E1AEB858D0062DAFE /* SlideMenuTests.swift */; };
		95FFCF4C476E18BA963B8CDE /* libPods-SlideMenu.a in Frameworks */ = {isa = PBXBuildFile; fileRef = 1868FDA545C8C4732F81E26E /* libPods-SlideMenu.a */; };
/* End PBXBuildFile section */

/* Begin PBXContainerItemProxy section */
		631811991AEB858D0062DAFE /* PBXContainerItemProxy */ = {
			isa = PBXContainerItemProxy;
			containerPortal = 6318117B1AEB858D0062DAFE /* Project object */;
			proxyType = 1;
			remoteGlobalIDString = 631811821AEB858D0062DAFE;
			remoteInfo = SlideMenu;
		};
/* End PBXContainerItemProxy section */

/* Begin PBXFileReference section */
		1868FDA545C8C4732F81E26E /* libPods-SlideMenu.a */ = {isa = PBXFileReference; explicitFileType = archive.ar; includeInIndex = 0; path = "libPods-SlideMenu.a"; sourceTree = BUILT_PRODUCTS_DIR; };
		631811831AEB858D0062DAFE /* SlideMenu.app */ = {isa = PBXFileReference; explicitFileType = wrapper.application; includeInIndex = 0; path = SlideMenu.app; sourceTree = BUILT_PRODUCTS_DIR; };
		631811871AEB858D0062DAFE /* Info.plist */ = {isa = PBXFileReference; lastKnownFileType = text.plist.xml; path = Info.plist; sourceTree = "<group>"; };
		631811881AEB858D0062DAFE /* AppDelegate.swift */ = {isa = PBXFileReference; lastKnownFileType = sourcecode.swift; path = AppDelegate.swift; sourceTree = "<group>"; };
		6318118A1AEB858D0062DAFE /* ViewController.swift */ = {isa = PBXFileReference; lastKnownFileType = sourcecode.swift; path = ViewController.swift; sourceTree = "<group>"; };
		6318118D1AEB858D0062DAFE /* Base */ = {isa = PBXFileReference; lastKnownFileType = file.storyboard; name = Base; path = Base.lproj/Main.storyboard; sourceTree = "<group>"; };
		6318118F1AEB858D0062DAFE /* Images.xcassets */ = {isa = PBXFileReference; lastKnownFileType = folder.assetcatalog; path = Images.xcassets; sourceTree = "<group>"; };
		631811921AEB858D0062DAFE /* Base */ = {isa = PBXFileReference; lastKnownFileType = file.xib; name = Base; path = Base.lproj/LaunchScreen.xib; sourceTree = "<group>"; };
		631811981AEB858D0062DAFE /* SlideMenuTests.xctest */ = {isa = PBXFileReference; explicitFileType = wrapper.cfbundle; includeInIndex = 0; path = SlideMenuTests.xctest; sourceTree = BUILT_PRODUCTS_DIR; };
		6318119D1AEB858D0062DAFE /* Info.plist */ = {isa = PBXFileReference; lastKnownFileType = text.plist.xml; path = Info.plist; sourceTree = "<group>"; };
		6318119E1AEB858D0062DAFE /* SlideMenuTests.swift */ = {isa = PBXFileReference; lastKnownFileType = sourcecode.swift; path = SlideMenuTests.swift; sourceTree = "<group>"; };
		B9FD51E54AE395C162B7D9B8 /* Pods-SlideMenu.debug.xcconfig */ = {isa = PBXFileReference; includeInIndex = 1; lastKnownFileType = text.xcconfig; name = "Pods-SlideMenu.debug.xcconfig"; path = "Pods/Target Support Files/Pods-SlideMenu/Pods-SlideMenu.debug.xcconfig"; sourceTree = "<group>"; };
		FBF78966DAFCBF013A32CE3F /* Pods-SlideMenu.release.xcconfig */ = {isa = PBXFileReference; includeInIndex = 1; lastKnownFileType = text.xcconfig; name = "Pods-SlideMenu.release.xcconfig"; path = "Pods/Target Support Files/Pods-SlideMenu/Pods-SlideMenu.release.xcconfig"; sourceTree = "<group>"; };
/* End PBXFileReference section */

/* Begin PBXFrameworksBuildPhase section */
		631811801AEB858D0062DAFE /* Frameworks */ = {
			isa = PBXFrameworksBuildPhase;
			buildActionMask = 2147483647;
			files = (
				95FFCF4C476E18BA963B8CDE /* libPods-SlideMenu.a in Frameworks */,
			);
			runOnlyForDeploymentPostprocessing = 0;
		};
		631811951AEB858D0062DAFE /* Frameworks */ = {
			isa = PBXFrameworksBuildPhase;
			buildActionMask = 2147483647;
			files = (
			);
			runOnlyForDeploymentPostprocessing = 0;
		};
/* End PBXFrameworksBuildPhase section */

/* Begin PBXGroup section */
		6318117A1AEB858D0062DAFE = {
			isa = PBXGroup;
			children = (
				631811851AEB858D0062DAFE /* SlideMenu */,
				6318119B1AEB858D0062DAFE /* SlideMenuTests */,
				631811841AEB858D0062DAFE /* Products */,
				737468ECFA2E68BB72C1A83B /* Pods */,
				69D02004AF1569AFE51782EE /* Frameworks */,
			);
			sourceTree = "<group>";
		};
		631811841AEB858D0062DAFE /* Products */ = {
			isa = PBXGroup;
			children = (
				631811831AEB858D0062DAFE /* SlideMenu.app */,
				631811981AEB858D0062DAFE /* SlideMenuTests.xctest */,
			);
			name = Products;
			sourceTree = "<group>";
		};
		631811851AEB858D0062DAFE /* SlideMenu */ = {
			isa = PBXGroup;
			children = (
				631811881AEB858D0062DAFE /* AppDelegate.swift */,
				6318118A1AEB858D0062DAFE /* ViewController.swift */,
				6318118C1AEB858D0062DAFE /* Main.storyboard */,
				6318118F1AEB858D0062DAFE /* Images.xcassets */,
				631811911AEB858D0062DAFE /* LaunchScreen.xib */,
				631811861AEB858D0062DAFE /* Supporting Files */,
			);
			path = SlideMenu;
			sourceTree = "<group>";
		};
		631811861AEB858D0062DAFE /* Supporting Files */ = {
			isa = PBXGroup;
			children = (
				631811871AEB858D0062DAFE /* Info.plist */,
			);
			name = "Supporting Files";
			sourceTree = "<group>";
		};
		6318119B1AEB858D0062DAFE /* SlideMenuTests */ = {
			isa = PBXGroup;
			children = (
				6318119E1AEB858D0062DAFE /* SlideMenuTests.swift */,
				6318119C1AEB858D0062DAFE /* Supporting Files */,
			);
			path = SlideMenuTests;
			sourceTree = "<group>";
		};
		6318119C1AEB858D0062DAFE /* Supporting Files */ = {
			isa = PBXGroup;
			children = (
				6318119D1AEB858D0062DAFE /* Info.plist */,
			);
			name = "Supporting Files";
			sourceTree = "<group>";
		};
		69D02004AF1569AFE51782EE /* Frameworks */ = {
			isa = PBXGroup;
			children = (
				1868FDA545C8C4732F81E26E /* libPods-SlideMenu.a */,
			);
			name = Frameworks;
			sourceTree = "<group>";
		};
		737468ECFA2E68BB72C1A83B /* Pods */ = {
			isa = PBXGroup;
			children = (
				B9FD51E54AE395C162B7D9B8 /* Pods-SlideMenu.debug.xcconfig */,
				FBF78966DAFCBF013A32CE3F /* Pods-SlideMenu.release.xcconfig */,
			);
			name = Pods;
			sourceTree = "<group>";
		};
/* End PBXGroup section */

/* Begin PBXNativeTarget section */
		631811821AEB858D0062DAFE /* SlideMenu */ = {
			isa = PBXNativeTarget;
			buildConfigurationList = 631811A21AEB858D0062DAFE /* Build configuration list for PBXNativeTarget "SlideMenu" */;
			buildPhases = (
				1C6D2987853EC401F48C7FE3 /* Check Pods Manifest.lock */,
				6318117F1AEB858D0062DAFE /* Sources */,
				631811801AEB858D0062DAFE /* Frameworks */,
				631811811AEB858D0062DAFE /* Resources */,
				1BB94C05A865D45D45CA7AFD /* Copy Pods Resources */,
			);
			buildRules = (
			);
			dependencies = (
			);
			name = SlideMenu;
			productName = SlideMenu;
			productReference = 631811831AEB858D0062DAFE /* SlideMenu.app */;
			productType = "com.apple.product-type.application";
		};
		631811971AEB858D0062DAFE /* SlideMenuTests */ = {
			isa = PBXNativeTarget;
			buildConfigurationList = 631811A51AEB858D0062DAFE /* Build configuration list for PBXNativeTarget "SlideMenuTests" */;
			buildPhases = (
				631811941AEB858D0062DAFE /* Sources */,
				631811951AEB858D0062DAFE /* Frameworks */,
				631811961AEB858D0062DAFE /* Resources */,
			);
			buildRules = (
			);
			dependencies = (
				6318119A1AEB858D0062DAFE /* PBXTargetDependency */,
			);
			name = SlideMenuTests;
			productName = SlideMenuTests;
			productReference = 631811981AEB858D0062DAFE /* SlideMenuTests.xctest */;
			productType = "com.apple.product-type.bundle.unit-test";
		};
/* End PBXNativeTarget section */

/* Begin PBXProject section */
		6318117B1AEB858D0062DAFE /* Project object */ = {
			isa = PBXProject;
			attributes = {
				LastUpgradeCheck = 0630;
				ORGANIZATIONNAME = David;
				TargetAttributes = {
					631811821AEB858D0062DAFE = {
						CreatedOnToolsVersion = 6.3;
					};
					631811971AEB858D0062DAFE = {
						CreatedOnToolsVersion = 6.3;
						TestTargetID = 631811821AEB858D0062DAFE;
					};
				};
			};
			buildConfigurationList = 6318117E1AEB858D0062DAFE /* Build configuration list for PBXProject "SlideMenu" */;
			compatibilityVersion = "Xcode 3.2";
			developmentRegion = English;
			hasScannedForEncodings = 0;
			knownRegions = (
				en,
				Base,
			);
			mainGroup = 6318117A1AEB858D0062DAFE;
			productRefGroup = 631811841AEB858D0062DAFE /* Products */;
			projectDirPath = "";
			projectRoot = "";
			targets = (
				631811821AEB858D0062DAFE /* SlideMenu */,
				631811971AEB858D0062DAFE /* SlideMenuTests */,
			);
		};
/* End PBXProject section */

/* Begin PBXResourcesBuildPhase section */
		631811811AEB858D0062DAFE /* Resources */ = {
			isa = PBXResourcesBuildPhase;
			buildActionMask = 2147483647;
			files = (
				6318118E1AEB858D0062DAFE /* Main.storyboard in Resources */,
				631811931AEB858D0062DAFE /* LaunchScreen.xib in Resources */,
				631811901AEB858D0062DAFE /* Images.xcassets in Resources */,
			);
			runOnlyForDeploymentPostprocessing = 0;
		};
		631811961AEB858D0062DAFE /* Resources */ = {
			isa = PBXResourcesBuildPhase;
			buildActionMask = 2147483647;
			files = (
			);
			runOnlyForDeploymentPostprocessing = 0;
		};
/* End PBXResourcesBuildPhase section */

/* Begin PBXShellScriptBuildPhase section */
		1BB94C05A865D45D45CA7AFD /* Copy Pods Resources */ = {
			isa = PBXShellScriptBuildPhase;
			buildActionMask = 2147483647;
			files = (
			);
			inputPaths = (
			);
			name = "Copy Pods Resources";
			outputPaths = (
			);
			runOnlyForDeploymentPostprocessing = 0;
			shellPath = /bin/sh;
			shellScript = "\"${SRCROOT}/Pods/Target Support Files/Pods-SlideMenu/Pods-SlideMenu-resources.sh\"\n";
			showEnvVarsInLog = 0;
		};
		1C6D2987853EC401F48C7FE3 /* Check Pods Manifest.lock */ = {
			isa = PBXShellScriptBuildPhase;
			buildActionMask = 2147483647;
			files = (
			);
			inputPaths = (
			);
			name = "Check Pods Manifest.lock";
			outputPaths = (
			);
			runOnlyForDeploymentPostprocessing = 0;
			shellPath = /bin/sh;
			shellScript = "diff \"${PODS_ROOT}/../Podfile.lock\" \"${PODS_ROOT}/Manifest.lock\" > /dev/null\nif [[ $? != 0 ]] ; then\n    cat << EOM\nerror: The sandbox is not in sync with the Podfile.lock. Run 'pod install' or update your CocoaPods installation.\nEOM\n    exit 1\nfi\n";
			showEnvVarsInLog = 0;
		};
/* End PBXShellScriptBuildPhase section */

/* Begin PBXSourcesBuildPhase section */
		6318117F1AEB858D0062DAFE /* Sources */ = {
			isa = PBXSourcesBuildPhase;
			buildActionMask = 2147483647;
			files = (
				6318118B1AEB858D0062DAFE /* ViewController.swift in Sources */,
				631811891AEB858D0062DAFE /* AppDelegate.swift in Sources */,
			);
			runOnlyForDeploymentPostprocessing = 0;
		};
		631811941AEB858D0062DAFE /* Sources */ = {
			isa = PBXSourcesBuildPhase;
			buildActionMask = 2147483647;
			files = (
				6318119F1AEB858D0062DAFE /* SlideMenuTests.swift in Sources */,
			);
			runOnlyForDeploymentPostprocessing = 0;
		};
/* End PBXSourcesBuildPhase section */

/* Begin PBXTargetDependency section */
		6318119A1AEB858D0062DAFE /* PBXTargetDependency */ = {
			isa = PBXTargetDependency;
			target = 631811821AEB858D0062DAFE /* SlideMenu */;
			targetProxy = 631811991AEB858D0062DAFE /* PBXContainerItemProxy */;
		};
/* End PBXTargetDependency section */

/* Begin PBXVariantGroup section */
		6318118C1AEB858D0062DAFE /* Main.storyboard */ = {
			isa = PBXVariantGroup;
			children = (
				6318118D1AEB858D0062DAFE /* Base */,
			);
			name = Main.storyboard;
			sourceTree = "<group>";
		};
		631811911AEB858D0062DAFE /* LaunchScreen.xib */ = {
			isa = PBXVariantGroup;
			children = (
				631811921AEB858D0062DAFE /* Base */,
			);
			name = LaunchScreen.xib;
			sourceTree = "<group>";
		};
/* End PBXVariantGroup section */

/* Begin XCBuildConfiguration section */
		631811A01AEB858D0062DAFE /* Debug */ = {
			isa = XCBuildConfiguration;
			buildSettings = {
				ALWAYS_SEARCH_USER_PATHS = NO;
				CLANG_CXX_LANGUAGE_STANDARD = "gnu++0x";
				CLANG_CXX_LIBRARY = "libc++";
				CLANG_ENABLE_MODULES = YES;
				CLANG_ENABLE_OBJC_ARC = YES;
				CLANG_WARN_BOOL_CONVERSION = YES;
				CLANG_WARN_CONSTANT_CONVERSION = YES;
				CLANG_WARN_DIRECT_OBJC_ISA_USAGE = YES_ERROR;
				CLANG_WARN_EMPTY_BODY = YES;
				CLANG_WARN_ENUM_CONVERSION = YES;
				CLANG_WARN_INT_CONVERSION = YES;
				CLANG_WARN_OBJC_ROOT_CLASS = YES_ERROR;
				CLANG_WARN_UNREACHABLE_CODE = YES;
				CLANG_WARN__DUPLICATE_METHOD_MATCH = YES;
				"CODE_SIGN_IDENTITY[sdk=iphoneos*]" = "iPhone Developer";
				COPY_PHASE_STRIP = NO;
				DEBUG_INFORMATION_FORMAT = "dwarf-with-dsym";
				ENABLE_STRICT_OBJC_MSGSEND = YES;
				GCC_C_LANGUAGE_STANDARD = gnu99;
				GCC_DYNAMIC_NO_PIC = NO;
				GCC_NO_COMMON_BLOCKS = YES;
				GCC_OPTIMIZATION_LEVEL = 0;
				GCC_PREPROCESSOR_DEFINITIONS = (
					"DEBUG=1",
					"$(inherited)",
				);
				GCC_SYMBOLS_PRIVATE_EXTERN = NO;
				GCC_WARN_64_TO_32_BIT_CONVERSION = YES;
				GCC_WARN_ABOUT_RETURN_TYPE = YES_ERROR;
				GCC_WARN_UNDECLARED_SELECTOR = YES;
				GCC_WARN_UNINITIALIZED_AUTOS = YES_AGGRESSIVE;
				GCC_WARN_UNUSED_FUNCTION = YES;
				GCC_WARN_UNUSED_VARIABLE = YES;
				IPHONEOS_DEPLOYMENT_TARGET = 8.3;
				MTL_ENABLE_DEBUG_INFO = YES;
				ONLY_ACTIVE_ARCH = YES;
				SDKROOT = iphoneos;
				SWIFT_OPTIMIZATION_LEVEL = "-Onone";
				TARGETED_DEVICE_FAMILY = "1,2";
			};
			name = Debug;
		};
		631811A11AEB858D0062DAFE /* Release */ = {
			isa = XCBuildConfiguration;
			buildSettings = {
				ALWAYS_SEARCH_USER_PATHS = NO;
				CLANG_CXX_LANGUAGE_STANDARD = "gnu++0x";
				CLANG_CXX_LIBRARY = "libc++";
				CLANG_ENABLE_MODULES = YES;
				CLANG_ENABLE_OBJC_ARC = YES;
				CLANG_WARN_BOOL_CONVERSION = YES;
				CLANG_WARN_CONSTANT_CONVERSION = YES;
				CLANG_WARN_DIRECT_OBJC_ISA_USAGE = YES_ERROR;
				CLANG_WARN_EMPTY_BODY = YES;
				CLANG_WARN_ENUM_CONVERSION = YES;
				CLANG_WARN_INT_CONVERSION = YES;
				CLANG_WARN_OBJC_ROOT_CLASS = YES_ERROR;
				CLANG_WARN_UNREACHABLE_CODE = YES;
				CLANG_WARN__DUPLICATE_METHOD_MATCH = YES;
				"CODE_SIGN_IDENTITY[sdk=iphoneos*]" = "iPhone Developer";
				COPY_PHASE_STRIP = NO;
				DEBUG_INFORMATION_FORMAT = "dwarf-with-dsym";
				ENABLE_NS_ASSERTIONS = NO;
				ENABLE_STRICT_OBJC_MSGSEND = YES;
				GCC_C_LANGUAGE_STANDARD = gnu99;
				GCC_NO_COMMON_BLOCKS = YES;
				GCC_WARN_64_TO_32_BIT_CONVERSION = YES;
				GCC_WARN_ABOUT_RETURN_TYPE = YES_ERROR;
				GCC_WARN_UNDECLARED_SELECTOR = YES;
				GCC_WARN_UNINITIALIZED_AUTOS = YES_AGGRESSIVE;
				GCC_WARN_UNUSED_FUNCTION = YES;
				GCC_WARN_UNUSED_VARIABLE = YES;
				IPHONEOS_DEPLOYMENT_TARGET = 8.3;
				MTL_ENABLE_DEBUG_INFO = NO;
				SDKROOT = iphoneos;
				TARGETED_DEVICE_FAMILY = "1,2";
				VALIDATE_PRODUCT = YES;
			};
			name = Release;
		};
		631811A31AEB858D0062DAFE /* Debug */ = {
			isa = XCBuildConfiguration;
			baseConfigurationReference = B9FD51E54AE395C162B7D9B8 /* Pods-SlideMenu.debug.xcconfig */;
			buildSettings = {
				ASSETCATALOG_COMPILER_APPICON_NAME = AppIcon;
				INFOPLIST_FILE = SlideMenu/Info.plist;
				LD_RUNPATH_SEARCH_PATHS = "$(inherited) @executable_path/Frameworks";
				PRODUCT_NAME = "$(TARGET_NAME)";
			};
			name = Debug;
		};
		631811A41AEB858D0062DAFE /* Release */ = {
			isa = XCBuildConfiguration;
			baseConfigurationReference = FBF78966DAFCBF013A32CE3F /* Pods-SlideMenu.release.xcconfig */;
			buildSettings = {
				ASSETCATALOG_COMPILER_APPICON_NAME = AppIcon;
				INFOPLIST_FILE = SlideMenu/Info.plist;
				LD_RUNPATH_SEARCH_PATHS = "$(inherited) @executable_path/Frameworks";
				PRODUCT_NAME = "$(TARGET_NAME)";
			};
			name = Release;
		};
		631811A61AEB858D0062DAFE /* Debug */ = {
			isa = XCBuildConfiguration;
			buildSettings = {
				BUNDLE_LOADER = "$(TEST_HOST)";
				FRAMEWORK_SEARCH_PATHS = (
					"$(SDKROOT)/Developer/Library/Frameworks",
					"$(inherited)",
				);
				GCC_PREPROCESSOR_DEFINITIONS = (
					"DEBUG=1",
					"$(inherited)",
				);
				INFOPLIST_FILE = SlideMenuTests/Info.plist;
				LD_RUNPATH_SEARCH_PATHS = "$(inherited) @executable_path/Frameworks @loader_path/Frameworks";
				PRODUCT_NAME = "$(TARGET_NAME)";
				TEST_HOST = "$(BUILT_PRODUCTS_DIR)/SlideMenu.app/SlideMenu";
			};
			name = Debug;
		};
		631811A71AEB858D0062DAFE /* Release */ = {
			isa = XCBuildConfiguration;
			buildSettings = {
				BUNDLE_LOADER = "$(TEST_HOST)";
				FRAMEWORK_SEARCH_PATHS = (
					"$(SDKROOT)/Developer/Library/Frameworks",
					"$(inherited)",
				);
				INFOPLIST_FILE = SlideMenuTests/Info.plist;
				LD_RUNPATH_SEARCH_PATHS = "$(inherited) @executable_path/Frameworks @loader_path/Frameworks";
				PRODUCT_NAME = "$(TARGET_NAME)";
				TEST_HOST = "$(BUILT_PRODUCTS_DIR)/SlideMenu.app/SlideMenu";
			};
			name = Release;
		};
/* End XCBuildConfiguration section */

/* Begin XCConfigurationList section */
		6318117E1AEB858D0062DAFE /* Build configuration list for PBXProject "SlideMenu" */ = {
			isa = XCConfigurationList;
			buildConfigurations = (
				631811A01AEB858D0062DAFE /* Debug */,
				631811A11AEB858D0062DAFE /* Release */,
			);
			defaultConfigurationIsVisible = 0;
			defaultConfigurationName = Release;
		};
		631811A21AEB858D0062DAFE /* Build configuration list for PBXNativeTarget "SlideMenu" */ = {
			isa = XCConfigurationList;
			buildConfigurations = (
				631811A31AEB858D0062DAFE /* Debug */,
				631811A41AEB858D0062DAFE /* Release */,
			);
			defaultConfigurationIsVisible = 0;
			defaultConfigurationName = Release;
		};
		631811A51AEB858D0062DAFE /* Build configuration list for PBXNativeTarget "SlideMenuTests" */ = {
			isa = XCConfigurationList;
			buildConfigurations = (
				631811A61AEB858D0062DAFE /* Debug */,
				631811A71AEB858D0062DAFE /* Release */,
			);
			defaultConfigurationIsVisible = 0;
			defaultConfigurationName = Release;
		};
/* End XCConfigurationList section */
	};
	rootObject = 6318117B1AEB858D0062DAFE /* Project object */;
}
